// !$*UTF8*$!
{
	archiveVersion = 1;
	classes = {
	};
	objectVersion = 55;
	objects = {

/* Begin PBXBuildFile section */
		E2E5021027D53003007132BB /* AppDelegate.swift in Sources */ = {isa = PBXBuildFile; fileRef = E2E5020F27D53003007132BB /* AppDelegate.swift */; };
		E2E5021227D53003007132BB /* SceneDelegate.swift in Sources */ = {isa = PBXBuildFile; fileRef = E2E5021127D53003007132BB /* SceneDelegate.swift */; };
		E2E5021927D53003007132BB /* Assets.xcassets in Resources */ = {isa = PBXBuildFile; fileRef = E2E5021827D53003007132BB /* Assets.xcassets */; };
		E2E5021C27D53003007132BB /* LaunchScreen.storyboard in Resources */ = {isa = PBXBuildFile; fileRef = E2E5021A27D53003007132BB /* LaunchScreen.storyboard */; };
		E2E5022427D53262007132BB /* DetailViewController.swift in Sources */ = {isa = PBXBuildFile; fileRef = E2E5022327D53262007132BB /* DetailViewController.swift */; };
		E2E5022727D532D5007132BB /* Apollo in Frameworks */ = {isa = PBXBuildFile; productRef = E2E5022627D532D5007132BB /* Apollo */; };
		E2E5022927D532D5007132BB /* ApolloWebSocket in Frameworks */ = {isa = PBXBuildFile; productRef = E2E5022827D532D5007132BB /* ApolloWebSocket */; };
		E2E5022B27D53486007132BB /* LaunchesViewController.swift in Sources */ = {isa = PBXBuildFile; fileRef = E2E5022A27D53486007132BB /* LaunchesViewController.swift */; };
		E2E5022D27D53494007132BB /* LoginViewController.swift in Sources */ = {isa = PBXBuildFile; fileRef = E2E5022C27D53494007132BB /* LoginViewController.swift */; };
		E2E5022F27D534AB007132BB /* NotificationView.swift in Sources */ = {isa = PBXBuildFile; fileRef = E2E5022E27D534AB007132BB /* NotificationView.swift */; };
		E2E5023127D534C0007132BB /* ProfileViewController.swift in Sources */ = {isa = PBXBuildFile; fileRef = E2E5023027D534C0007132BB /* ProfileViewController.swift */; };
		E2E5023327D534D2007132BB /* UIViewController+Alert.swift in Sources */ = {isa = PBXBuildFile; fileRef = E2E5023227D534D2007132BB /* UIViewController+Alert.swift */; };
		E2E5023627D53D74007132BB /* SDWebImage in Frameworks */ = {isa = PBXBuildFile; productRef = E2E5023527D53D74007132BB /* SDWebImage */; };
		E2E5023D27D57B17007132BB /* API.swift in Sources */ = {isa = PBXBuildFile; fileRef = E2E5023C27D57B17007132BB /* API.swift */; };
		E2E5023F27D57CF7007132BB /* Network.swift in Sources */ = {isa = PBXBuildFile; fileRef = E2E5023E27D57CF7007132BB /* Network.swift */; };
/* End PBXBuildFile section */

/* Begin PBXFileReference section */
		E2E5020C27D53003007132BB /* RocketReserver.app */ = {isa = PBXFileReference; explicitFileType = wrapper.application; includeInIndex = 0; path = RocketReserver.app; sourceTree = BUILT_PRODUCTS_DIR; };
		E2E5020F27D53003007132BB /* AppDelegate.swift */ = {isa = PBXFileReference; lastKnownFileType = sourcecode.swift; path = AppDelegate.swift; sourceTree = "<group>"; };
		E2E5021127D53003007132BB /* SceneDelegate.swift */ = {isa = PBXFileReference; lastKnownFileType = sourcecode.swift; path = SceneDelegate.swift; sourceTree = "<group>"; };
		E2E5021827D53003007132BB /* Assets.xcassets */ = {isa = PBXFileReference; lastKnownFileType = folder.assetcatalog; path = Assets.xcassets; sourceTree = "<group>"; };
		E2E5021B27D53003007132BB /* Base */ = {isa = PBXFileReference; lastKnownFileType = file.storyboard; name = Base; path = Base.lproj/LaunchScreen.storyboard; sourceTree = "<group>"; };
		E2E5021D27D53003007132BB /* Info.plist */ = {isa = PBXFileReference; lastKnownFileType = text.plist.xml; path = Info.plist; sourceTree = "<group>"; };
		E2E5022327D53262007132BB /* DetailViewController.swift */ = {isa = PBXFileReference; lastKnownFileType = sourcecode.swift; path = DetailViewController.swift; sourceTree = "<group>"; };
		E2E5022A27D53486007132BB /* LaunchesViewController.swift */ = {isa = PBXFileReference; lastKnownFileType = sourcecode.swift; path = LaunchesViewController.swift; sourceTree = "<group>"; };
		E2E5022C27D53494007132BB /* LoginViewController.swift */ = {isa = PBXFileReference; lastKnownFileType = sourcecode.swift; path = LoginViewController.swift; sourceTree = "<group>"; };
		E2E5022E27D534AB007132BB /* NotificationView.swift */ = {isa = PBXFileReference; lastKnownFileType = sourcecode.swift; path = NotificationView.swift; sourceTree = "<group>"; };
		E2E5023027D534C0007132BB /* ProfileViewController.swift */ = {isa = PBXFileReference; lastKnownFileType = sourcecode.swift; path = ProfileViewController.swift; sourceTree = "<group>"; };
		E2E5023227D534D2007132BB /* UIViewController+Alert.swift */ = {isa = PBXFileReference; lastKnownFileType = sourcecode.swift; path = "UIViewController+Alert.swift"; sourceTree = "<group>"; };
		E2E5023827D577AA007132BB /* schema.json */ = {isa = PBXFileReference; fileEncoding = 4; lastKnownFileType = text.json; path = schema.json; sourceTree = "<group>"; };
		E2E5023A27D57AB7007132BB /* LaunchList.graphql */ = {isa = PBXFileReference; lastKnownFileType = text; path = LaunchList.graphql; sourceTree = "<group>"; };
		E2E5023C27D57B17007132BB /* API.swift */ = {isa = PBXFileReference; fileEncoding = 4; lastKnownFileType = sourcecode.swift; path = API.swift; sourceTree = "<group>"; };
		E2E5023E27D57CF7007132BB /* Network.swift */ = {isa = PBXFileReference; lastKnownFileType = sourcecode.swift; path = Network.swift; sourceTree = "<group>"; };
/* End PBXFileReference section */

/* Begin PBXFrameworksBuildPhase section */
		E2E5020927D53003007132BB /* Frameworks */ = {
			isa = PBXFrameworksBuildPhase;
			buildActionMask = 2147483647;
			files = (
				E2E5023627D53D74007132BB /* SDWebImage in Frameworks */,
				E2E5022727D532D5007132BB /* Apollo in Frameworks */,
				E2E5022927D532D5007132BB /* ApolloWebSocket in Frameworks */,
			);
			runOnlyForDeploymentPostprocessing = 0;
		};
/* End PBXFrameworksBuildPhase section */

/* Begin PBXGroup section */
		E2E5020327D53003007132BB = {
			isa = PBXGroup;
			children = (
				E2E5020E27D53003007132BB /* RocketReserver */,
				E2E5020D27D53003007132BB /* Products */,
			);
			sourceTree = "<group>";
		};
		E2E5020D27D53003007132BB /* Products */ = {
			isa = PBXGroup;
			children = (
				E2E5020C27D53003007132BB /* RocketReserver.app */,
			);
			name = Products;
			sourceTree = "<group>";
		};
		E2E5020E27D53003007132BB /* RocketReserver */ = {
			isa = PBXGroup;
			children = (
				E2E5020F27D53003007132BB /* AppDelegate.swift */,
				E2E5021127D53003007132BB /* SceneDelegate.swift */,
				E2E5022C27D53494007132BB /* LoginViewController.swift */,
				E2E5022A27D53486007132BB /* LaunchesViewController.swift */,
				E2E5022327D53262007132BB /* DetailViewController.swift */,
				E2E5022E27D534AB007132BB /* NotificationView.swift */,
				E2E5023027D534C0007132BB /* ProfileViewController.swift */,
				E2E5023227D534D2007132BB /* UIViewController+Alert.swift */,
				E2E5023C27D57B17007132BB /* API.swift */,
				E2E5023A27D57AB7007132BB /* LaunchList.graphql */,
				E2E5023827D577AA007132BB /* schema.json */,
				E2E5021827D53003007132BB /* Assets.xcassets */,
				E2E5021A27D53003007132BB /* LaunchScreen.storyboard */,
				E2E5021D27D53003007132BB /* Info.plist */,
				E2E5023E27D57CF7007132BB /* Network.swift */,
			);
			path = RocketReserver;
			sourceTree = "<group>";
		};
/* End PBXGroup section */

/* Begin PBXNativeTarget section */
		E2E5020B27D53003007132BB /* RocketReserver */ = {
			isa = PBXNativeTarget;
			buildConfigurationList = E2E5022027D53003007132BB /* Build configuration list for PBXNativeTarget "RocketReserver" */;
			buildPhases = (
				E2E5023727D576E2007132BB /* Apollo */,
				E2E5020827D53003007132BB /* Sources */,
				E2E5020927D53003007132BB /* Frameworks */,
				E2E5020A27D53003007132BB /* Resources */,
			);
			buildRules = (
			);
			dependencies = (
			);
			name = RocketReserver;
			packageProductDependencies = (
				E2E5022627D532D5007132BB /* Apollo */,
				E2E5022827D532D5007132BB /* ApolloWebSocket */,
				E2E5023527D53D74007132BB /* SDWebImage */,
			);
			productName = RocketReserver;
			productReference = E2E5020C27D53003007132BB /* RocketReserver.app */;
			productType = "com.apple.product-type.application";
		};
/* End PBXNativeTarget section */

/* Begin PBXProject section */
		E2E5020427D53003007132BB /* Project object */ = {
			isa = PBXProject;
			attributes = {
				BuildIndependentTargetsInParallel = 1;
				LastSwiftUpdateCheck = 1320;
				LastUpgradeCheck = 1320;
				TargetAttributes = {
					E2E5020B27D53003007132BB = {
						CreatedOnToolsVersion = 13.2.1;
					};
				};
			};
			buildConfigurationList = E2E5020727D53003007132BB /* Build configuration list for PBXProject "RocketReserver" */;
			compatibilityVersion = "Xcode 13.0";
			developmentRegion = en;
			hasScannedForEncodings = 0;
			knownRegions = (
				en,
				Base,
			);
			mainGroup = E2E5020327D53003007132BB;
			packageReferences = (
				E2E5022527D532D5007132BB /* XCRemoteSwiftPackageReference "apollo-ios" */,
				E2E5023427D53D74007132BB /* XCRemoteSwiftPackageReference "SDWebImage" */,
			);
			productRefGroup = E2E5020D27D53003007132BB /* Products */;
			projectDirPath = "";
			projectRoot = "";
			targets = (
				E2E5020B27D53003007132BB /* RocketReserver */,
			);
		};
/* End PBXProject section */

/* Begin PBXResourcesBuildPhase section */
		E2E5020A27D53003007132BB /* Resources */ = {
			isa = PBXResourcesBuildPhase;
			buildActionMask = 2147483647;
			files = (
				E2E5021C27D53003007132BB /* LaunchScreen.storyboard in Resources */,
				E2E5021927D53003007132BB /* Assets.xcassets in Resources */,
			);
			runOnlyForDeploymentPostprocessing = 0;
		};
/* End PBXResourcesBuildPhase section */

/* Begin PBXShellScriptBuildPhase section */
		E2E5023727D576E2007132BB /* Apollo */ = {
			isa = PBXShellScriptBuildPhase;
			buildActionMask = 2147483647;
			files = (
			);
			inputFileListPaths = (
			);
			inputPaths = (
			);
			name = Apollo;
			outputFileListPaths = (
			);
			outputPaths = (
			);
			runOnlyForDeploymentPostprocessing = 0;
			shellPath = /bin/sh;
			shellScript = "# Don't run this during index builds\nif [ $ACTION = \"indexbuild\" ]; then exit 0; fi\n\n# Go to the build root and search up the chain to find the Derived Data Path where the source packages are checked out.\nDERIVED_DATA_CANDIDATE=\"${BUILD_ROOT}\"\n\nwhile ! [ -d \"${DERIVED_DATA_CANDIDATE}/SourcePackages\" ]; do\n  if [ \"${DERIVED_DATA_CANDIDATE}\" = / ]; then\n    echo >&2 \"error: Unable to locate SourcePackages directory from BUILD_ROOT: '${BUILD_ROOT}'\"\n    exit 1\n  fi\n\n  DERIVED_DATA_CANDIDATE=\"$(dirname \"${DERIVED_DATA_CANDIDATE}\")\"\ndone\n\n# Grab a reference to the directory where scripts are checked out\nSCRIPT_PATH=\"${DERIVED_DATA_CANDIDATE}/SourcePackages/checkouts/apollo-ios/scripts\"\n\nif [ -z \"${SCRIPT_PATH}\" ]; then\n    echo >&2 \"error: Couldn't find the CLI script in your checked out SPM packages; make sure to add the framework to your project.\"\n    exit 1\nfi\n\ncd \"${SRCROOT}/${TARGET_NAME}\"\n\"${SCRIPT_PATH}\"/run-bundled-codegen.sh codegen:generate --target=swift --includes=./**/*.graphql --localSchemaFile=\"schema.json\" API.swift\n#\"${SCRIPT_PATH}\"/run-bundled-codegen.sh schema:download --endpoint=\"https://apollo-fullstack-tutorial.herokuapp.com/graphql\"\n\n";
		};
/* End PBXShellScriptBuildPhase section */

/* Begin PBXSourcesBuildPhase section */
		E2E5020827D53003007132BB /* Sources */ = {
			isa = PBXSourcesBuildPhase;
			buildActionMask = 2147483647;
			files = (
				E2E5023F27D57CF7007132BB /* Network.swift in Sources */,
				E2E5022427D53262007132BB /* DetailViewController.swift in Sources */,
				E2E5022B27D53486007132BB /* LaunchesViewController.swift in Sources */,
				E2E5021027D53003007132BB /* AppDelegate.swift in Sources */,
				E2E5022D27D53494007132BB /* LoginViewController.swift in Sources */,
				E2E5023127D534C0007132BB /* ProfileViewController.swift in Sources */,
				E2E5021227D53003007132BB /* SceneDelegate.swift in Sources */,
				E2E5022F27D534AB007132BB /* NotificationView.swift in Sources */,
				E2E5023D27D57B17007132BB /* API.swift in Sources */,
				E2E5023327D534D2007132BB /* UIViewController+Alert.swift in Sources */,
			);
			runOnlyForDeploymentPostprocessing = 0;
		};
/* End PBXSourcesBuildPhase section */

/* Begin PBXVariantGroup section */
		E2E5021A27D53003007132BB /* LaunchScreen.storyboard */ = {
			isa = PBXVariantGroup;
			children = (
				E2E5021B27D53003007132BB /* Base */,
			);
			name = LaunchScreen.storyboard;
			sourceTree = "<group>";
		};
/* End PBXVariantGroup section */

/* Begin XCBuildConfiguration section */
		E2E5021E27D53003007132BB /* Debug */ = {
			isa = XCBuildConfiguration;
			buildSettings = {
				ALWAYS_SEARCH_USER_PATHS = NO;
				CLANG_ANALYZER_NONNULL = YES;
				CLANG_ANALYZER_NUMBER_OBJECT_CONVERSION = YES_AGGRESSIVE;
				CLANG_CXX_LANGUAGE_STANDARD = "gnu++17";
				CLANG_CXX_LIBRARY = "libc++";
				CLANG_ENABLE_MODULES = YES;
				CLANG_ENABLE_OBJC_ARC = YES;
				CLANG_ENABLE_OBJC_WEAK = YES;
				CLANG_WARN_BLOCK_CAPTURE_AUTORELEASING = YES;
				CLANG_WARN_BOOL_CONVERSION = YES;
				CLANG_WARN_COMMA = YES;
				CLANG_WARN_CONSTANT_CONVERSION = YES;
				CLANG_WARN_DEPRECATED_OBJC_IMPLEMENTATIONS = YES;
				CLANG_WARN_DIRECT_OBJC_ISA_USAGE = YES_ERROR;
				CLANG_WARN_DOCUMENTATION_COMMENTS = YES;
				CLANG_WARN_EMPTY_BODY = YES;
				CLANG_WARN_ENUM_CONVERSION = YES;
				CLANG_WARN_INFINITE_RECURSION = YES;
				CLANG_WARN_INT_CONVERSION = YES;
				CLANG_WARN_NON_LITERAL_NULL_CONVERSION = YES;
				CLANG_WARN_OBJC_IMPLICIT_RETAIN_SELF = YES;
				CLANG_WARN_OBJC_LITERAL_CONVERSION = YES;
				CLANG_WARN_OBJC_ROOT_CLASS = YES_ERROR;
				CLANG_WARN_QUOTED_INCLUDE_IN_FRAMEWORK_HEADER = YES;
				CLANG_WARN_RANGE_LOOP_ANALYSIS = YES;
				CLANG_WARN_STRICT_PROTOTYPES = YES;
				CLANG_WARN_SUSPICIOUS_MOVE = YES;
				CLANG_WARN_UNGUARDED_AVAILABILITY = YES_AGGRESSIVE;
				CLANG_WARN_UNREACHABLE_CODE = YES;
				CLANG_WARN__DUPLICATE_METHOD_MATCH = YES;
				COPY_PHASE_STRIP = NO;
				DEBUG_INFORMATION_FORMAT = dwarf;
				ENABLE_STRICT_OBJC_MSGSEND = YES;
				ENABLE_TESTABILITY = YES;
				GCC_C_LANGUAGE_STANDARD = gnu11;
				GCC_DYNAMIC_NO_PIC = NO;
				GCC_NO_COMMON_BLOCKS = YES;
				GCC_OPTIMIZATION_LEVEL = 0;
				GCC_PREPROCESSOR_DEFINITIONS = (
					"DEBUG=1",
					"$(inherited)",
				);
				GCC_WARN_64_TO_32_BIT_CONVERSION = YES;
				GCC_WARN_ABOUT_RETURN_TYPE = YES_ERROR;
				GCC_WARN_UNDECLARED_SELECTOR = YES;
				GCC_WARN_UNINITIALIZED_AUTOS = YES_AGGRESSIVE;
				GCC_WARN_UNUSED_FUNCTION = YES;
				GCC_WARN_UNUSED_VARIABLE = YES;
				IPHONEOS_DEPLOYMENT_TARGET = 15.2;
				MTL_ENABLE_DEBUG_INFO = INCLUDE_SOURCE;
				MTL_FAST_MATH = YES;
				ONLY_ACTIVE_ARCH = YES;
				SDKROOT = iphoneos;
				SWIFT_ACTIVE_COMPILATION_CONDITIONS = DEBUG;
				SWIFT_OPTIMIZATION_LEVEL = "-Onone";
			};
			name = Debug;
		};
		E2E5021F27D53003007132BB /* Release */ = {
			isa = XCBuildConfiguration;
			buildSettings = {
				ALWAYS_SEARCH_USER_PATHS = NO;
				CLANG_ANALYZER_NONNULL = YES;
				CLANG_ANALYZER_NUMBER_OBJECT_CONVERSION = YES_AGGRESSIVE;
				CLANG_CXX_LANGUAGE_STANDARD = "gnu++17";
				CLANG_CXX_LIBRARY = "libc++";
				CLANG_ENABLE_MODULES = YES;
				CLANG_ENABLE_OBJC_ARC = YES;
				CLANG_ENABLE_OBJC_WEAK = YES;
				CLANG_WARN_BLOCK_CAPTURE_AUTORELEASING = YES;
				CLANG_WARN_BOOL_CONVERSION = YES;
				CLANG_WARN_COMMA = YES;
				CLANG_WARN_CONSTANT_CONVERSION = YES;
				CLANG_WARN_DEPRECATED_OBJC_IMPLEMENTATIONS = YES;
				CLANG_WARN_DIRECT_OBJC_ISA_USAGE = YES_ERROR;
				CLANG_WARN_DOCUMENTATION_COMMENTS = YES;
				CLANG_WARN_EMPTY_BODY = YES;
				CLANG_WARN_ENUM_CONVERSION = YES;
				CLANG_WARN_INFINITE_RECURSION = YES;
				CLANG_WARN_INT_CONVERSION = YES;
				CLANG_WARN_NON_LITERAL_NULL_CONVERSION = YES;
				CLANG_WARN_OBJC_IMPLICIT_RETAIN_SELF = YES;
				CLANG_WARN_OBJC_LITERAL_CONVERSION = YES;
				CLANG_WARN_OBJC_ROOT_CLASS = YES_ERROR;
				CLANG_WARN_QUOTED_INCLUDE_IN_FRAMEWORK_HEADER = YES;
				CLANG_WARN_RANGE_LOOP_ANALYSIS = YES;
				CLANG_WARN_STRICT_PROTOTYPES = YES;
				CLANG_WARN_SUSPICIOUS_MOVE = YES;
				CLANG_WARN_UNGUARDED_AVAILABILITY = YES_AGGRESSIVE;
				CLANG_WARN_UNREACHABLE_CODE = YES;
				CLANG_WARN__DUPLICATE_METHOD_MATCH = YES;
				COPY_PHASE_STRIP = NO;
				DEBUG_INFORMATION_FORMAT = "dwarf-with-dsym";
				ENABLE_NS_ASSERTIONS = NO;
				ENABLE_STRICT_OBJC_MSGSEND = YES;
				GCC_C_LANGUAGE_STANDARD = gnu11;
				GCC_NO_COMMON_BLOCKS = YES;
				GCC_WARN_64_TO_32_BIT_CONVERSION = YES;
				GCC_WARN_ABOUT_RETURN_TYPE = YES_ERROR;
				GCC_WARN_UNDECLARED_SELECTOR = YES;
				GCC_WARN_UNINITIALIZED_AUTOS = YES_AGGRESSIVE;
				GCC_WARN_UNUSED_FUNCTION = YES;
				GCC_WARN_UNUSED_VARIABLE = YES;
				IPHONEOS_DEPLOYMENT_TARGET = 15.2;
				MTL_ENABLE_DEBUG_INFO = NO;
				MTL_FAST_MATH = YES;
				SDKROOT = iphoneos;
				SWIFT_COMPILATION_MODE = wholemodule;
				SWIFT_OPTIMIZATION_LEVEL = "-O";
				VALIDATE_PRODUCT = YES;
			};
			name = Release;
		};
		E2E5022127D53003007132BB /* Debug */ = {
			isa = XCBuildConfiguration;
			buildSettings = {
				ASSETCATALOG_COMPILER_APPICON_NAME = AppIcon;
				ASSETCATALOG_COMPILER_GLOBAL_ACCENT_COLOR_NAME = AccentColor;
				CODE_SIGN_STYLE = Automatic;
				CURRENT_PROJECT_VERSION = 1;
				DEVELOPMENT_TEAM = 8825K9HH49;
				GENERATE_INFOPLIST_FILE = YES;
				INFOPLIST_FILE = RocketReserver/Info.plist;
				INFOPLIST_KEY_UIApplicationSupportsIndirectInputEvents = YES;
				INFOPLIST_KEY_UILaunchStoryboardName = LaunchScreen;
				INFOPLIST_KEY_UISupportedInterfaceOrientations_iPad = "UIInterfaceOrientationPortrait UIInterfaceOrientationPortraitUpsideDown UIInterfaceOrientationLandscapeLeft UIInterfaceOrientationLandscapeRight";
				INFOPLIST_KEY_UISupportedInterfaceOrientations_iPhone = "UIInterfaceOrientationPortrait UIInterfaceOrientationLandscapeLeft UIInterfaceOrientationLandscapeRight";
				LD_RUNPATH_SEARCH_PATHS = (
					"$(inherited)",
					"@executable_path/Frameworks",
				);
				MARKETING_VERSION = 1.0;
				PRODUCT_BUNDLE_IDENTIFIER = "com.christopher-devito.RocketReserver";
				PRODUCT_NAME = "$(TARGET_NAME)";
				SWIFT_EMIT_LOC_STRINGS = YES;
				SWIFT_VERSION = 5.0;
				TARGETED_DEVICE_FAMILY = "1,2";
			};
			name = Debug;
		};
		E2E5022227D53003007132BB /* Release */ = {
			isa = XCBuildConfiguration;
			buildSettings = {
				ASSETCATALOG_COMPILER_APPICON_NAME = AppIcon;
				ASSETCATALOG_COMPILER_GLOBAL_ACCENT_COLOR_NAME = AccentColor;
				CODE_SIGN_STYLE = Automatic;
				CURRENT_PROJECT_VERSION = 1;
				DEVELOPMENT_TEAM = 8825K9HH49;
				GENERATE_INFOPLIST_FILE = YES;
				INFOPLIST_FILE = RocketReserver/Info.plist;
				INFOPLIST_KEY_UIApplicationSupportsIndirectInputEvents = YES;
				INFOPLIST_KEY_UILaunchStoryboardName = LaunchScreen;
				INFOPLIST_KEY_UISupportedInterfaceOrientations_iPad = "UIInterfaceOrientationPortrait UIInterfaceOrientationPortraitUpsideDown UIInterfaceOrientationLandscapeLeft UIInterfaceOrientationLandscapeRight";
				INFOPLIST_KEY_UISupportedInterfaceOrientations_iPhone = "UIInterfaceOrientationPortrait UIInterfaceOrientationLandscapeLeft UIInterfaceOrientationLandscapeRight";
				LD_RUNPATH_SEARCH_PATHS = (
					"$(inherited)",
					"@executable_path/Frameworks",
				);
				MARKETING_VERSION = 1.0;
				PRODUCT_BUNDLE_IDENTIFIER = "com.christopher-devito.RocketReserver";
				PRODUCT_NAME = "$(TARGET_NAME)";
				SWIFT_EMIT_LOC_STRINGS = YES;
				SWIFT_VERSION = 5.0;
				TARGETED_DEVICE_FAMILY = "1,2";
			};
			name = Release;
		};
/* End XCBuildConfiguration section */

/* Begin XCConfigurationList section */
		E2E5020727D53003007132BB /* Build configuration list for PBXProject "RocketReserver" */ = {
			isa = XCConfigurationList;
			buildConfigurations = (
				E2E5021E27D53003007132BB /* Debug */,
				E2E5021F27D53003007132BB /* Release */,
			);
			defaultConfigurationIsVisible = 0;
			defaultConfigurationName = Release;
		};
		E2E5022027D53003007132BB /* Build configuration list for PBXNativeTarget "RocketReserver" */ = {
			isa = XCConfigurationList;
			buildConfigurations = (
				E2E5022127D53003007132BB /* Debug */,
				E2E5022227D53003007132BB /* Release */,
			);
			defaultConfigurationIsVisible = 0;
			defaultConfigurationName = Release;
		};
/* End XCConfigurationList section */

/* Begin XCRemoteSwiftPackageReference section */
		E2E5022527D532D5007132BB /* XCRemoteSwiftPackageReference "apollo-ios" */ = {
			isa = XCRemoteSwiftPackageReference;
			repositoryURL = "https://github.com/apollographql/apollo-ios.git";
			requirement = {
				kind = exactVersion;
				version = 0.50.0;
			};
		};
		E2E5023427D53D74007132BB /* XCRemoteSwiftPackageReference "SDWebImage" */ = {
			isa = XCRemoteSwiftPackageReference;
			repositoryURL = "https://github.com/SDWebImage/SDWebImage";
			requirement = {
				kind = upToNextMinorVersion;
				minimumVersion = 5.9.0;
			};
		};
/* End XCRemoteSwiftPackageReference section */

/* Begin XCSwiftPackageProductDependency section */
		E2E5022627D532D5007132BB /* Apollo */ = {
			isa = XCSwiftPackageProductDependency;
			package = E2E5022527D532D5007132BB /* XCRemoteSwiftPackageReference "apollo-ios" */;
			productName = Apollo;
		};
		E2E5022827D532D5007132BB /* ApolloWebSocket */ = {
			isa = XCSwiftPackageProductDependency;
			package = E2E5022527D532D5007132BB /* XCRemoteSwiftPackageReference "apollo-ios" */;
			productName = ApolloWebSocket;
		};
		E2E5023527D53D74007132BB /* SDWebImage */ = {
			isa = XCSwiftPackageProductDependency;
			package = E2E5023427D53D74007132BB /* XCRemoteSwiftPackageReference "SDWebImage" */;
			productName = SDWebImage;
		};
/* End XCSwiftPackageProductDependency section */
	};
	rootObject = E2E5020427D53003007132BB /* Project object */;
}
